
Microsoft Visual Studio Solution File, Format Version 12.00
# Visual Studio 15
VisualStudioVersion = 15.0.27130.2027
MinimumVisualStudioVersion = 10.0.40219.1
Project("{9A19103F-16F7-4668-BE54-9A1E7A4F7556}") = "RedPitayaTCPProject", "RedPitayaTCPProject\RedPitayaTCPProject.csproj", "{FA877791-2938-4DA0-B781-3D6923B5D829}"
EndProject
Project("{FAE04EC0-301F-11D3-BF4B-00C04F79EFBC}") = "TransmissionLibrary", "TransmissionLibrary\TransmissionLibrary.csproj", "{E0429D15-6C02-4D5A-AD01-629638E5B0A8}"
EndProject
Project("{FAE04EC0-301F-11D3-BF4B-00C04F79EFBC}") = "ReceptionLibrary", "ReceptionLibrary\ReceptionLibrary.csproj", "{BE850A88-D0CF-4938-8D11-6BE8E8D0857B}"
EndProject
Project("{2150E333-8FDC-42A3-9474-1A3956D46DE8}") = "Transmission", "Transmission", "{57A989CF-7F3F-4A40-AB4C-80C65E8679A2}"
EndProject
Project("{FAE04EC0-301F-11D3-BF4B-00C04F79EFBC}") = "TransmissionDebuggingTestbench", "TransmissionDebuggingTestbench\TransmissionDebuggingTestbench.csproj", "{988E24A6-0588-4217-9700-D1184E0A2787}"
EndProject
Project("{2150E333-8FDC-42A3-9474-1A3956D46DE8}") = "Reception", "Reception", "{D34A5423-489F-4E5A-AC9A-7BA5CC7B1D68}"
EndProject
Project("{FAE04EC0-301F-11D3-BF4B-00C04F79EFBC}") = "ReceptionDebuggingTestbench", "ReceptionDebuggingTestbench\ReceptionDebuggingTestbench.csproj", "{85130939-6B40-4139-8D78-3182E6A18C7F}"
EndProject
Global
	GlobalSection(SolutionConfigurationPlatforms) = preSolution
		Debug|Any CPU = Debug|Any CPU
		Release|Any CPU = Release|Any CPU
	EndGlobalSection
	GlobalSection(ProjectConfigurationPlatforms) = postSolution
		{FA877791-2938-4DA0-B781-3D6923B5D829}.Debug|Any CPU.ActiveCfg = Debug|Any CPU
		{FA877791-2938-4DA0-B781-3D6923B5D829}.Debug|Any CPU.Build.0 = Debug|Any CPU
		{FA877791-2938-4DA0-B781-3D6923B5D829}.Release|Any CPU.ActiveCfg = Release|Any CPU
		{FA877791-2938-4DA0-B781-3D6923B5D829}.Release|Any CPU.Build.0 = Release|Any CPU
		{E0429D15-6C02-4D5A-AD01-629638E5B0A8}.Debug|Any CPU.ActiveCfg = Debug|Any CPU
		{E0429D15-6C02-4D5A-AD01-629638E5B0A8}.Debug|Any CPU.Build.0 = Debug|Any CPU
		{E0429D15-6C02-4D5A-AD01-629638E5B0A8}.Release|Any CPU.ActiveCfg = Release|Any CPU
		{E0429D15-6C02-4D5A-AD01-629638E5B0A8}.Release|Any CPU.Build.0 = Release|Any CPU
		{BE850A88-D0CF-4938-8D11-6BE8E8D0857B}.Debug|Any CPU.ActiveCfg = Debug|Any CPU
		{BE850A88-D0CF-4938-8D11-6BE8E8D0857B}.Debug|Any CPU.Build.0 = Debug|Any CPU
		{BE850A88-D0CF-4938-8D11-6BE8E8D0857B}.Release|Any CPU.ActiveCfg = Release|Any CPU
		{BE850A88-D0CF-4938-8D11-6BE8E8D0857B}.Release|Any CPU.Build.0 = Release|Any CPU
		{988E24A6-0588-4217-9700-D1184E0A2787}.Debug|Any CPU.ActiveCfg = Debug|Any CPU
		{988E24A6-0588-4217-9700-D1184E0A2787}.Debug|Any CPU.Build.0 = Debug|Any CPU
		{988E24A6-0588-4217-9700-D1184E0A2787}.Release|Any CPU.ActiveCfg = Release|Any CPU
		{988E24A6-0588-4217-9700-D1184E0A2787}.Release|Any CPU.Build.0 = Release|Any CPU
		{85130939-6B40-4139-8D78-3182E6A18C7F}.Debug|Any CPU.ActiveCfg = Debug|Any CPU
		{85130939-6B40-4139-8D78-3182E6A18C7F}.Debug|Any CPU.Build.0 = Debug|Any CPU
		{85130939-6B40-4139-8D78-3182E6A18C7F}.Release|Any CPU.ActiveCfg = Release|Any CPU
		{85130939-6B40-4139-8D78-3182E6A18C7F}.Release|Any CPU.Build.0 = Release|Any CPU
	EndGlobalSection
	GlobalSection(SolutionProperties) = preSolution
		HideSolutionNode = FALSE
	EndGlobalSection
	GlobalSection(NestedProjects) = preSolution
		{E0429D15-6C02-4D5A-AD01-629638E5B0A8} = {57A989CF-7F3F-4A40-AB4C-80C65E8679A2}
		{BE850A88-D0CF-4938-8D11-6BE8E8D0857B} = {D34A5423-489F-4E5A-AC9A-7BA5CC7B1D68}
		{988E24A6-0588-4217-9700-D1184E0A2787} = {57A989CF-7F3F-4A40-AB4C-80C65E8679A2}
		{85130939-6B40-4139-8D78-3182E6A18C7F} = {D34A5423-489F-4E5A-AC9A-7BA5CC7B1D68}
	EndGlobalSection
	GlobalSection(ExtensibilityGlobals) = postSolution
		SolutionGuid = {D4DBE3C9-254D-4510-BCDA-386F331B939C}
	EndGlobalSection
EndGlobal
